
Microsoft Visual Studio Solution File, Format Version 12.00
# Visual Studio 15
VisualStudioVersion = 15.0.27703.2026
MinimumVisualStudioVersion = 10.0.40219.1
Project("{FAE04EC0-301F-11D3-BF4B-00C04F79EFBC}") = "SIS", "SIS\SIS.csproj", "{824AAB9F-DCC0-49DE-B03B-B097AED9B1EC}"
EndProject
Global
	GlobalSection(SolutionConfigurationPlatforms) = preSolution
		Debug|Any CPU = Debug|Any CPU
		Release|Any CPU = Release|Any CPU
	EndGlobalSection
	GlobalSection(ProjectConfigurationPlatforms) = postSolution
		{824AAB9F-DCC0-49DE-B03B-B097AED9B1EC}.Debug|Any CPU.ActiveCfg = Debug|Any CPU
		{824AAB9F-DCC0-49DE-B03B-B097AED9B1EC}.Debug|Any CPU.Build.0 = Debug|Any CPU
		{824AAB9F-DCC0-49DE-B03B-B097AED9B1EC}.Release|Any CPU.ActiveCfg = Release|Any CPU
		{824AAB9F-DCC0-49DE-B03B-B097AED9B1EC}.Release|Any CPU.Build.0 = Release|Any CPU
	EndGlobalSection
	GlobalSection(SolutionProperties) = preSolution
		HideSolutionNode = FALSE
	EndGlobalSection
	GlobalSection(ExtensibilityGlobals) = postSolution
		SolutionGuid = {D6246768-5EE5-4C21-BDE3-0E58D6E0F68A}
	EndGlobalSection
EndGlobal
